// !$*UTF8*$!
{
	archiveVersion = 1;
	classes = {
	};
	objectVersion = 46;
	objects = {

/* Begin PBXBuildFile section */
		7F2370C01D439F7400A8CEA2 /* AppDelegate.swift in Sources */ = {isa = PBXBuildFile; fileRef = 7F2370BF1D439F7400A8CEA2 /* AppDelegate.swift */; };
		7F2370C21D439F7400A8CEA2 /* ViewController.swift in Sources */ = {isa = PBXBuildFile; fileRef = 7F2370C11D439F7400A8CEA2 /* ViewController.swift */; };
		7F2370C51D439F7400A8CEA2 /* Main.storyboard in Resources */ = {isa = PBXBuildFile; fileRef = 7F2370C31D439F7400A8CEA2 /* Main.storyboard */; };
		7F2370C71D439F7400A8CEA2 /* Assets.xcassets in Resources */ = {isa = PBXBuildFile; fileRef = 7F2370C61D439F7400A8CEA2 /* Assets.xcassets */; };
		7F2370CA1D439F7400A8CEA2 /* LaunchScreen.storyboard in Resources */ = {isa = PBXBuildFile; fileRef = 7F2370C81D439F7400A8CEA2 /* LaunchScreen.storyboard */; };
		7F2370D51D439F7400A8CEA2 /* hdsrTests.swift in Sources */ = {isa = PBXBuildFile; fileRef = 7F2370D41D439F7400A8CEA2 /* hdsrTests.swift */; };
		7F2370E01D439F7400A8CEA2 /* hdsrUITests.swift in Sources */ = {isa = PBXBuildFile; fileRef = 7F2370DF1D439F7400A8CEA2 /* hdsrUITests.swift */; };
		7F373E7B1D43B6BE00E4178E /* InputNameViewController.swift in Sources */ = {isa = PBXBuildFile; fileRef = 7F373E7A1D43B6BE00E4178E /* InputNameViewController.swift */; };
		7FA91D641D45067800227275 /* PointManager.swift in Sources */ = {isa = PBXBuildFile; fileRef = 7FA91D631D45067800227275 /* PointManager.swift */; };
		7FA91D661D450FDF00227275 /* ResultViewController.swift in Sources */ = {isa = PBXBuildFile; fileRef = 7FA91D651D450FDF00227275 /* ResultViewController.swift */; };
/* End PBXBuildFile section */

/* Begin PBXContainerItemProxy section */
		7F2370D11D439F7400A8CEA2 /* PBXContainerItemProxy */ = {
			isa = PBXContainerItemProxy;
			containerPortal = 7F2370B41D439F7300A8CEA2 /* Project object */;
			proxyType = 1;
			remoteGlobalIDString = 7F2370BB1D439F7400A8CEA2;
			remoteInfo = hdsr;
		};
		7F2370DC1D439F7400A8CEA2 /* PBXContainerItemProxy */ = {
			isa = PBXContainerItemProxy;
			containerPortal = 7F2370B41D439F7300A8CEA2 /* Project object */;
			proxyType = 1;
			remoteGlobalIDString = 7F2370BB1D439F7400A8CEA2;
			remoteInfo = hdsr;
		};
/* End PBXContainerItemProxy section */

/* Begin PBXFileReference section */
		7F2370BC1D439F7400A8CEA2 /* hdsr.app */ = {isa = PBXFileReference; explicitFileType = wrapper.application; includeInIndex = 0; path = hdsr.app; sourceTree = BUILT_PRODUCTS_DIR; };
		7F2370BF1D439F7400A8CEA2 /* AppDelegate.swift */ = {isa = PBXFileReference; lastKnownFileType = sourcecode.swift; path = AppDelegate.swift; sourceTree = "<group>"; };
		7F2370C11D439F7400A8CEA2 /* ViewController.swift */ = {isa = PBXFileReference; lastKnownFileType = sourcecode.swift; path = ViewController.swift; sourceTree = "<group>"; };
		7F2370C41D439F7400A8CEA2 /* Base */ = {isa = PBXFileReference; lastKnownFileType = file.storyboard; name = Base; path = Base.lproj/Main.storyboard; sourceTree = "<group>"; };
		7F2370C61D439F7400A8CEA2 /* Assets.xcassets */ = {isa = PBXFileReference; lastKnownFileType = folder.assetcatalog; path = Assets.xcassets; sourceTree = "<group>"; };
		7F2370C91D439F7400A8CEA2 /* Base */ = {isa = PBXFileReference; lastKnownFileType = file.storyboard; name = Base; path = Base.lproj/LaunchScreen.storyboard; sourceTree = "<group>"; };
		7F2370CB1D439F7400A8CEA2 /* Info.plist */ = {isa = PBXFileReference; lastKnownFileType = text.plist.xml; path = Info.plist; sourceTree = "<group>"; };
		7F2370D01D439F7400A8CEA2 /* hdsrTests.xctest */ = {isa = PBXFileReference; explicitFileType = wrapper.cfbundle; includeInIndex = 0; path = hdsrTests.xctest; sourceTree = BUILT_PRODUCTS_DIR; };
		7F2370D41D439F7400A8CEA2 /* hdsrTests.swift */ = {isa = PBXFileReference; lastKnownFileType = sourcecode.swift; path = hdsrTests.swift; sourceTree = "<group>"; };
		7F2370D61D439F7400A8CEA2 /* Info.plist */ = {isa = PBXFileReference; lastKnownFileType = text.plist.xml; path = Info.plist; sourceTree = "<group>"; };
		7F2370DB1D439F7400A8CEA2 /* hdsrUITests.xctest */ = {isa = PBXFileReference; explicitFileType = wrapper.cfbundle; includeInIndex = 0; path = hdsrUITests.xctest; sourceTree = BUILT_PRODUCTS_DIR; };
		7F2370DF1D439F7400A8CEA2 /* hdsrUITests.swift */ = {isa = PBXFileReference; lastKnownFileType = sourcecode.swift; path = hdsrUITests.swift; sourceTree = "<group>"; };
		7F2370E11D439F7400A8CEA2 /* Info.plist */ = {isa = PBXFileReference; lastKnownFileType = text.plist.xml; path = Info.plist; sourceTree = "<group>"; };
		7F373E7A1D43B6BE00E4178E /* InputNameViewController.swift */ = {isa = PBXFileReference; fileEncoding = 4; lastKnownFileType = sourcecode.swift; path = InputNameViewController.swift; sourceTree = "<group>"; };
		7FA91D631D45067800227275 /* PointManager.swift */ = {isa = PBXFileReference; fileEncoding = 4; lastKnownFileType = sourcecode.swift; path = PointManager.swift; sourceTree = "<group>"; };
		7FA91D651D450FDF00227275 /* ResultViewController.swift */ = {isa = PBXFileReference; fileEncoding = 4; lastKnownFileType = sourcecode.swift; path = ResultViewController.swift; sourceTree = "<group>"; };
/* End PBXFileReference section */

/* Begin PBXFrameworksBuildPhase section */
		7F2370B91D439F7400A8CEA2 /* Frameworks */ = {
			isa = PBXFrameworksBuildPhase;
			buildActionMask = 2147483647;
			files = (
			);
			runOnlyForDeploymentPostprocessing = 0;
		};
		7F2370CD1D439F7400A8CEA2 /* Frameworks */ = {
			isa = PBXFrameworksBuildPhase;
			buildActionMask = 2147483647;
			files = (
			);
			runOnlyForDeploymentPostprocessing = 0;
		};
		7F2370D81D439F7400A8CEA2 /* Frameworks */ = {
			isa = PBXFrameworksBuildPhase;
			buildActionMask = 2147483647;
			files = (
			);
			runOnlyForDeploymentPostprocessing = 0;
		};
/* End PBXFrameworksBuildPhase section */

/* Begin PBXGroup section */
		7F2370B31D439F7300A8CEA2 = {
			isa = PBXGroup;
			children = (
				7F2370BE1D439F7400A8CEA2 /* hdsr */,
				7F2370D31D439F7400A8CEA2 /* hdsrTests */,
				7F2370DE1D439F7400A8CEA2 /* hdsrUITests */,
				7F2370BD1D439F7400A8CEA2 /* Products */,
			);
			sourceTree = "<group>";
		};
		7F2370BD1D439F7400A8CEA2 /* Products */ = {
			isa = PBXGroup;
			children = (
				7F2370BC1D439F7400A8CEA2 /* hdsr.app */,
				7F2370D01D439F7400A8CEA2 /* hdsrTests.xctest */,
				7F2370DB1D439F7400A8CEA2 /* hdsrUITests.xctest */,
			);
			name = Products;
			sourceTree = "<group>";
		};
		7F2370BE1D439F7400A8CEA2 /* hdsr */ = {
			isa = PBXGroup;
			children = (
				7F2370BF1D439F7400A8CEA2 /* AppDelegate.swift */,
				7F2370C11D439F7400A8CEA2 /* ViewController.swift */,
				7F2370C31D439F7400A8CEA2 /* Main.storyboard */,
				7F2370C61D439F7400A8CEA2 /* Assets.xcassets */,
				7F2370C81D439F7400A8CEA2 /* LaunchScreen.storyboard */,
				7F2370CB1D439F7400A8CEA2 /* Info.plist */,
				7F373E7A1D43B6BE00E4178E /* InputNameViewController.swift */,
				7FA91D631D45067800227275 /* PointManager.swift */,
				7FA91D651D450FDF00227275 /* ResultViewController.swift */,
			);
			path = hdsr;
			sourceTree = "<group>";
		};
		7F2370D31D439F7400A8CEA2 /* hdsrTests */ = {
			isa = PBXGroup;
			children = (
				7F2370D41D439F7400A8CEA2 /* hdsrTests.swift */,
				7F2370D61D439F7400A8CEA2 /* Info.plist */,
			);
			path = hdsrTests;
			sourceTree = "<group>";
		};
		7F2370DE1D439F7400A8CEA2 /* hdsrUITests */ = {
			isa = PBXGroup;
			children = (
				7F2370DF1D439F7400A8CEA2 /* hdsrUITests.swift */,
				7F2370E11D439F7400A8CEA2 /* Info.plist */,
			);
			path = hdsrUITests;
			sourceTree = "<group>";
		};
/* End PBXGroup section */

/* Begin PBXNativeTarget section */
		7F2370BB1D439F7400A8CEA2 /* hdsr */ = {
			isa = PBXNativeTarget;
			buildConfigurationList = 7F2370E41D439F7400A8CEA2 /* Build configuration list for PBXNativeTarget "hdsr" */;
			buildPhases = (
				7F2370B81D439F7400A8CEA2 /* Sources */,
				7F2370B91D439F7400A8CEA2 /* Frameworks */,
				7F2370BA1D439F7400A8CEA2 /* Resources */,
			);
			buildRules = (
			);
			dependencies = (
			);
			name = hdsr;
			productName = hdsr;
			productReference = 7F2370BC1D439F7400A8CEA2 /* hdsr.app */;
			productType = "com.apple.product-type.application";
		};
		7F2370CF1D439F7400A8CEA2 /* hdsrTests */ = {
			isa = PBXNativeTarget;
			buildConfigurationList = 7F2370E71D439F7400A8CEA2 /* Build configuration list for PBXNativeTarget "hdsrTests" */;
			buildPhases = (
				7F2370CC1D439F7400A8CEA2 /* Sources */,
				7F2370CD1D439F7400A8CEA2 /* Frameworks */,
				7F2370CE1D439F7400A8CEA2 /* Resources */,
			);
			buildRules = (
			);
			dependencies = (
				7F2370D21D439F7400A8CEA2 /* PBXTargetDependency */,
			);
			name = hdsrTests;
			productName = hdsrTests;
			productReference = 7F2370D01D439F7400A8CEA2 /* hdsrTests.xctest */;
			productType = "com.apple.product-type.bundle.unit-test";
		};
		7F2370DA1D439F7400A8CEA2 /* hdsrUITests */ = {
			isa = PBXNativeTarget;
			buildConfigurationList = 7F2370EA1D439F7400A8CEA2 /* Build configuration list for PBXNativeTarget "hdsrUITests" */;
			buildPhases = (
				7F2370D71D439F7400A8CEA2 /* Sources */,
				7F2370D81D439F7400A8CEA2 /* Frameworks */,
				7F2370D91D439F7400A8CEA2 /* Resources */,
			);
			buildRules = (
			);
			dependencies = (
				7F2370DD1D439F7400A8CEA2 /* PBXTargetDependency */,
			);
			name = hdsrUITests;
			productName = hdsrUITests;
			productReference = 7F2370DB1D439F7400A8CEA2 /* hdsrUITests.xctest */;
			productType = "com.apple.product-type.bundle.ui-testing";
		};
/* End PBXNativeTarget section */

/* Begin PBXProject section */
		7F2370B41D439F7300A8CEA2 /* Project object */ = {
			isa = PBXProject;
			attributes = {
				LastSwiftUpdateCheck = 0730;
				LastUpgradeCheck = 0730;
				ORGANIZATIONNAME = "reo harada";
				TargetAttributes = {
					7F2370BB1D439F7400A8CEA2 = {
						CreatedOnToolsVersion = 7.3.1;
						DevelopmentTeam = G47HTNUWJA;
					};
					7F2370CF1D439F7400A8CEA2 = {
						CreatedOnToolsVersion = 7.3.1;
						TestTargetID = 7F2370BB1D439F7400A8CEA2;
					};
					7F2370DA1D439F7400A8CEA2 = {
						CreatedOnToolsVersion = 7.3.1;
						TestTargetID = 7F2370BB1D439F7400A8CEA2;
					};
				};
			};
			buildConfigurationList = 7F2370B71D439F7300A8CEA2 /* Build configuration list for PBXProject "hdsr" */;
			compatibilityVersion = "Xcode 3.2";
			developmentRegion = English;
			hasScannedForEncodings = 0;
			knownRegions = (
				en,
				Base,
			);
			mainGroup = 7F2370B31D439F7300A8CEA2;
			productRefGroup = 7F2370BD1D439F7400A8CEA2 /* Products */;
			projectDirPath = "";
			projectRoot = "";
			targets = (
				7F2370BB1D439F7400A8CEA2 /* hdsr */,
				7F2370CF1D439F7400A8CEA2 /* hdsrTests */,
				7F2370DA1D439F7400A8CEA2 /* hdsrUITests */,
			);
		};
/* End PBXProject section */

/* Begin PBXResourcesBuildPhase section */
		7F2370BA1D439F7400A8CEA2 /* Resources */ = {
			isa = PBXResourcesBuildPhase;
			buildActionMask = 2147483647;
			files = (
				7F2370CA1D439F7400A8CEA2 /* LaunchScreen.storyboard in Resources */,
				7F2370C71D439F7400A8CEA2 /* Assets.xcassets in Resources */,
				7F2370C51D439F7400A8CEA2 /* Main.storyboard in Resources */,
			);
			runOnlyForDeploymentPostprocessing = 0;
		};
		7F2370CE1D439F7400A8CEA2 /* Resources */ = {
			isa = PBXResourcesBuildPhase;
			buildActionMask = 2147483647;
			files = (
			);
			runOnlyForDeploymentPostprocessing = 0;
		};
		7F2370D91D439F7400A8CEA2 /* Resources */ = {
			isa = PBXResourcesBuildPhase;
			buildActionMask = 2147483647;
			files = (
			);
			runOnlyForDeploymentPostprocessing = 0;
		};
/* End PBXResourcesBuildPhase section */

/* Begin PBXSourcesBuildPhase section */
		7F2370B81D439F7400A8CEA2 /* Sources */ = {
			isa = PBXSourcesBuildPhase;
			buildActionMask = 2147483647;
			files = (
				7FA91D661D450FDF00227275 /* ResultViewController.swift in Sources */,
				7F373E7B1D43B6BE00E4178E /* InputNameViewController.swift in Sources */,
				7F2370C21D439F7400A8CEA2 /* ViewController.swift in Sources */,
				7FA91D641D45067800227275 /* PointManager.swift in Sources */,
				7F2370C01D439F7400A8CEA2 /* AppDelegate.swift in Sources */,
			);
			runOnlyForDeploymentPostprocessing = 0;
		};
		7F2370CC1D439F7400A8CEA2 /* Sources */ = {
			isa = PBXSourcesBuildPhase;
			buildActionMask = 2147483647;
			files = (
				7F2370D51D439F7400A8CEA2 /* hdsrTests.swift in Sources */,
			);
			runOnlyForDeploymentPostprocessing = 0;
		};
		7F2370D71D439F7400A8CEA2 /* Sources */ = {
			isa = PBXSourcesBuildPhase;
			buildActionMask = 2147483647;
			files = (
				7F2370E01D439F7400A8CEA2 /* hdsrUITests.swift in Sources */,
			);
			runOnlyForDeploymentPostprocessing = 0;
		};
/* End PBXSourcesBuildPhase section */

/* Begin PBXTargetDependency section */
		7F2370D21D439F7400A8CEA2 /* PBXTargetDependency */ = {
			isa = PBXTargetDependency;
			target = 7F2370BB1D439F7400A8CEA2 /* hdsr */;
			targetProxy = 7F2370D11D439F7400A8CEA2 /* PBXContainerItemProxy */;
		};
		7F2370DD1D439F7400A8CEA2 /* PBXTargetDependency */ = {
			isa = PBXTargetDependency;
			target = 7F2370BB1D439F7400A8CEA2 /* hdsr */;
			targetProxy = 7F2370DC1D439F7400A8CEA2 /* PBXContainerItemProxy */;
		};
/* End PBXTargetDependency section */

/* Begin PBXVariantGroup section */
		7F2370C31D439F7400A8CEA2 /* Main.storyboard */ = {
			isa = PBXVariantGroup;
			children = (
				7F2370C41D439F7400A8CEA2 /* Base */,
			);
			name = Main.storyboard;
			sourceTree = "<group>";
		};
		7F2370C81D439F7400A8CEA2 /* LaunchScreen.storyboard */ = {
			isa = PBXVariantGroup;
			children = (
				7F2370C91D439F7400A8CEA2 /* Base */,
			);
			name = LaunchScreen.storyboard;
			sourceTree = "<group>";
		};
/* End PBXVariantGroup section */

/* Begin XCBuildConfiguration section */
		7F2370E21D439F7400A8CEA2 /* Debug */ = {
			isa = XCBuildConfiguration;
			buildSettings = {
				ALWAYS_SEARCH_USER_PATHS = NO;
				CLANG_ANALYZER_NONNULL = YES;
				CLANG_CXX_LANGUAGE_STANDARD = "gnu++0x";
				CLANG_CXX_LIBRARY = "libc++";
				CLANG_ENABLE_MODULES = YES;
				CLANG_ENABLE_OBJC_ARC = YES;
				CLANG_WARN_BOOL_CONVERSION = YES;
				CLANG_WARN_CONSTANT_CONVERSION = YES;
				CLANG_WARN_DIRECT_OBJC_ISA_USAGE = YES_ERROR;
				CLANG_WARN_EMPTY_BODY = YES;
				CLANG_WARN_ENUM_CONVERSION = YES;
				CLANG_WARN_INT_CONVERSION = YES;
				CLANG_WARN_OBJC_ROOT_CLASS = YES_ERROR;
				CLANG_WARN_UNREACHABLE_CODE = YES;
				CLANG_WARN__DUPLICATE_METHOD_MATCH = YES;
				"CODE_SIGN_IDENTITY[sdk=iphoneos*]" = "iPhone Developer";
				COPY_PHASE_STRIP = NO;
				DEBUG_INFORMATION_FORMAT = dwarf;
				ENABLE_STRICT_OBJC_MSGSEND = YES;
				ENABLE_TESTABILITY = YES;
				GCC_C_LANGUAGE_STANDARD = gnu99;
				GCC_DYNAMIC_NO_PIC = NO;
				GCC_NO_COMMON_BLOCKS = YES;
				GCC_OPTIMIZATION_LEVEL = 0;
				GCC_PREPROCESSOR_DEFINITIONS = (
					"DEBUG=1",
					"$(inherited)",
				);
				GCC_WARN_64_TO_32_BIT_CONVERSION = YES;
				GCC_WARN_ABOUT_RETURN_TYPE = YES_ERROR;
				GCC_WARN_UNDECLARED_SELECTOR = YES;
				GCC_WARN_UNINITIALIZED_AUTOS = YES_AGGRESSIVE;
				GCC_WARN_UNUSED_FUNCTION = YES;
				GCC_WARN_UNUSED_VARIABLE = YES;
				IPHONEOS_DEPLOYMENT_TARGET = 9.3;
				MTL_ENABLE_DEBUG_INFO = YES;
				ONLY_ACTIVE_ARCH = YES;
				SDKROOT = iphoneos;
				SWIFT_OPTIMIZATION_LEVEL = "-Onone";
			};
			name = Debug;
		};
		7F2370E31D439F7400A8CEA2 /* Release */ = {
			isa = XCBuildConfiguration;
			buildSettings = {
				ALWAYS_SEARCH_USER_PATHS = NO;
				CLANG_ANALYZER_NONNULL = YES;
				CLANG_CXX_LANGUAGE_STANDARD = "gnu++0x";
				CLANG_CXX_LIBRARY = "libc++";
				CLANG_ENABLE_MODULES = YES;
				CLANG_ENABLE_OBJC_ARC = YES;
				CLANG_WARN_BOOL_CONVERSION = YES;
				CLANG_WARN_CONSTANT_CONVERSION = YES;
				CLANG_WARN_DIRECT_OBJC_ISA_USAGE = YES_ERROR;
				CLANG_WARN_EMPTY_BODY = YES;
				CLANG_WARN_ENUM_CONVERSION = YES;
				CLANG_WARN_INT_CONVERSION = YES;
				CLANG_WARN_OBJC_ROOT_CLASS = YES_ERROR;
				CLANG_WARN_UNREACHABLE_CODE = YES;
				CLANG_WARN__DUPLICATE_METHOD_MATCH = YES;
				"CODE_SIGN_IDENTITY[sdk=iphoneos*]" = "iPhone Developer";
				COPY_PHASE_STRIP = NO;
				DEBUG_INFORMATION_FORMAT = "dwarf-with-dsym";
				ENABLE_NS_ASSERTIONS = NO;
				ENABLE_STRICT_OBJC_MSGSEND = YES;
				GCC_C_LANGUAGE_STANDARD = gnu99;
				GCC_NO_COMMON_BLOCKS = YES;
				GCC_WARN_64_TO_32_BIT_CONVERSION = YES;
				GCC_WARN_ABOUT_RETURN_TYPE = YES_ERROR;
				GCC_WARN_UNDECLARED_SELECTOR = YES;
				GCC_WARN_UNINITIALIZED_AUTOS = YES_AGGRESSIVE;
				GCC_WARN_UNUSED_FUNCTION = YES;
				GCC_WARN_UNUSED_VARIABLE = YES;
				IPHONEOS_DEPLOYMENT_TARGET = 9.3;
				MTL_ENABLE_DEBUG_INFO = NO;
				SDKROOT = iphoneos;
				VALIDATE_PRODUCT = YES;
			};
			name = Release;
		};
		7F2370E51D439F7400A8CEA2 /* Debug */ = {
			isa = XCBuildConfiguration;
			buildSettings = {
				ASSETCATALOG_COMPILER_APPICON_NAME = AppIcon;
				CODE_SIGN_IDENTITY = "iPhone Developer";
				"CODE_SIGN_IDENTITY[sdk=iphoneos*]" = "iPhone Developer";
				INFOPLIST_FILE = hdsr/Info.plist;
				LD_RUNPATH_SEARCH_PATHS = "$(inherited) @executable_path/Frameworks";
				PRODUCT_BUNDLE_IDENTIFIER = AppAcademia.hdsr;
				PRODUCT_NAME = "$(TARGET_NAME)";
				PROVISIONING_PROFILE = "";
				SWIFT_OBJC_BRIDGING_HEADER = "";
			};
			name = Debug;
		};
		7F2370E61D439F7400A8CEA2 /* Release */ = {
			isa = XCBuildConfiguration;
			buildSettings = {
				ASSETCATALOG_COMPILER_APPICON_NAME = AppIcon;
				CODE_SIGN_IDENTITY = "iPhone Developer";
				"CODE_SIGN_IDENTITY[sdk=iphoneos*]" = "iPhone Developer";
				INFOPLIST_FILE = hdsr/Info.plist;
				LD_RUNPATH_SEARCH_PATHS = "$(inherited) @executable_path/Frameworks";
				PRODUCT_BUNDLE_IDENTIFIER = AppAcademia.hdsr;
				PRODUCT_NAME = "$(TARGET_NAME)";
				PROVISIONING_PROFILE = "";
				SWIFT_OBJC_BRIDGING_HEADER = "";
			};
			name = Release;
		};
		7F2370E81D439F7400A8CEA2 /* Debug */ = {
			isa = XCBuildConfiguration;
			buildSettings = {
				BUNDLE_LOADER = "$(TEST_HOST)";
				INFOPLIST_FILE = hdsrTests/Info.plist;
				LD_RUNPATH_SEARCH_PATHS = "$(inherited) @executable_path/Frameworks @loader_path/Frameworks";
				PRODUCT_BUNDLE_IDENTIFIER = AppAcademia.hdsrTests;
				PRODUCT_NAME = "$(TARGET_NAME)";
				TEST_HOST = "$(BUILT_PRODUCTS_DIR)/hdsr.app/hdsr";
			};
			name = Debug;
		};
		7F2370E91D439F7400A8CEA2 /* Release */ = {
			isa = XCBuildConfiguration;
			buildSettings = {
				BUNDLE_LOADER = "$(TEST_HOST)";
				INFOPLIST_FILE = hdsrTests/Info.plist;
				LD_RUNPATH_SEARCH_PATHS = "$(inherited) @executable_path/Frameworks @loader_path/Frameworks";
				PRODUCT_BUNDLE_IDENTIFIER = AppAcademia.hdsrTests;
				PRODUCT_NAME = "$(TARGET_NAME)";
				TEST_HOST = "$(BUILT_PRODUCTS_DIR)/hdsr.app/hdsr";
			};
			name = Release;
		};
		7F2370EB1D439F7400A8CEA2 /* Debug */ = {
			isa = XCBuildConfiguration;
			buildSettings = {
				INFOPLIST_FILE = hdsrUITests/Info.plist;
				LD_RUNPATH_SEARCH_PATHS = "$(inherited) @executable_path/Frameworks @loader_path/Frameworks";
				PRODUCT_BUNDLE_IDENTIFIER = AppAcademia.hdsrUITests;
				PRODUCT_NAME = "$(TARGET_NAME)";
				TEST_TARGET_NAME = hdsr;
			};
			name = Debug;
		};
		7F2370EC1D439F7400A8CEA2 /* Release */ = {
			isa = XCBuildConfiguration;
			buildSettings = {
				INFOPLIST_FILE = hdsrUITests/Info.plist;
				LD_RUNPATH_SEARCH_PATHS = "$(inherited) @executable_path/Frameworks @loader_path/Frameworks";
				PRODUCT_BUNDLE_IDENTIFIER = AppAcademia.hdsrUITests;
				PRODUCT_NAME = "$(TARGET_NAME)";
				TEST_TARGET_NAME = hdsr;
			};
			name = Release;
		};
/* End XCBuildConfiguration section */

/* Begin XCConfigurationList section */
		7F2370B71D439F7300A8CEA2 /* Build configuration list for PBXProject "hdsr" */ = {
			isa = XCConfigurationList;
			buildConfigurations = (
				7F2370E21D439F7400A8CEA2 /* Debug */,
				7F2370E31D439F7400A8CEA2 /* Release */,
			);
			defaultConfigurationIsVisible = 0;
			defaultConfigurationName = Release;
		};
		7F2370E41D439F7400A8CEA2 /* Build configuration list for PBXNativeTarget "hdsr" */ = {
			isa = XCConfigurationList;
			buildConfigurations = (
				7F2370E51D439F7400A8CEA2 /* Debug */,
				7F2370E61D439F7400A8CEA2 /* Release */,
			);
			defaultConfigurationIsVisible = 0;
			defaultConfigurationName = Release;
		};
		7F2370E71D439F7400A8CEA2 /* Build configuration list for PBXNativeTarget "hdsrTests" */ = {
			isa = XCConfigurationList;
			buildConfigurations = (
				7F2370E81D439F7400A8CEA2 /* Debug */,
				7F2370E91D439F7400A8CEA2 /* Release */,
			);
			defaultConfigurationIsVisible = 0;
			defaultConfigurationName = Release;
		};
		7F2370EA1D439F7400A8CEA2 /* Build configuration list for PBXNativeTarget "hdsrUITests" */ = {
			isa = XCConfigurationList;
			buildConfigurations = (
				7F2370EB1D439F7400A8CEA2 /* Debug */,
				7F2370EC1D439F7400A8CEA2 /* Release */,
			);
			defaultConfigurationIsVisible = 0;
			defaultConfigurationName = Release;
		};
/* End XCConfigurationList section */
	};
	rootObject = 7F2370B41D439F7300A8CEA2 /* Project object */;
}
